// !$*UTF8*$!
{
	archiveVersion = 1;
	classes = {
	};
	objectVersion = 56;
	objects = {

/* Begin PBXBuildFile section */
		50576C552C891BC200AAC822 /* AppDelegate.swift in Sources */ = {isa = PBXBuildFile; fileRef = 50576C542C891BC200AAC822 /* AppDelegate.swift */; };
		50576C572C891BC200AAC822 /* SceneDelegate.swift in Sources */ = {isa = PBXBuildFile; fileRef = 50576C562C891BC200AAC822 /* SceneDelegate.swift */; };
		50576C592C891BC200AAC822 /* ViewController.swift in Sources */ = {isa = PBXBuildFile; fileRef = 50576C582C891BC200AAC822 /* ViewController.swift */; };
		50576C5C2C891BC200AAC822 /* Base in Resources */ = {isa = PBXBuildFile; fileRef = 50576C5B2C891BC200AAC822 /* Base */; };
		50576C5E2C891BC400AAC822 /* Assets.xcassets in Resources */ = {isa = PBXBuildFile; fileRef = 50576C5D2C891BC400AAC822 /* Assets.xcassets */; };
		50576C612C891BC400AAC822 /* Base in Resources */ = {isa = PBXBuildFile; fileRef = 50576C602C891BC400AAC822 /* Base */; };
		50576C6C2C891BC500AAC822 /* Assignment_1Tests.swift in Sources */ = {isa = PBXBuildFile; fileRef = 50576C6B2C891BC500AAC822 /* Assignment_1Tests.swift */; };
		50576C762C891BC500AAC822 /* Assignment_1UITests.swift in Sources */ = {isa = PBXBuildFile; fileRef = 50576C752C891BC500AAC822 /* Assignment_1UITests.swift */; };
		50576C782C891BC500AAC822 /* Assignment_1UITestsLaunchTests.swift in Sources */ = {isa = PBXBuildFile; fileRef = 50576C772C891BC500AAC822 /* Assignment_1UITestsLaunchTests.swift */; };
		50AC209D2C8A042C008AE82A /* ImageModel.m in Sources */ = {isa = PBXBuildFile; fileRef = 50AC209C2C8A042C008AE82A /* ImageModel.m */; };
		50AC209F2C9250D0008AE82A /* TableViewController.swift in Sources */ = {isa = PBXBuildFile; fileRef = 50AC209E2C9250D0008AE82A /* TableViewController.swift */; };
		50AC20A12C9273F6008AE82A /* CollectionViewController.swift in Sources */ = {isa = PBXBuildFile; fileRef = 50AC20A02C9273F6008AE82A /* CollectionViewController.swift */; };
		50AC20A32C929ED1008AE82A /* CollectionViewCell.swift in Sources */ = {isa = PBXBuildFile; fileRef = 50AC20A22C929ED1008AE82A /* CollectionViewCell.swift */; };
/* End PBXBuildFile section */

/* Begin PBXContainerItemProxy section */
		50576C682C891BC500AAC822 /* PBXContainerItemProxy */ = {
			isa = PBXContainerItemProxy;
			containerPortal = 50576C492C891BC200AAC822 /* Project object */;
			proxyType = 1;
			remoteGlobalIDString = 50576C502C891BC200AAC822;
			remoteInfo = "Assignment 1";
		};
		50576C722C891BC500AAC822 /* PBXContainerItemProxy */ = {
			isa = PBXContainerItemProxy;
			containerPortal = 50576C492C891BC200AAC822 /* Project object */;
			proxyType = 1;
			remoteGlobalIDString = 50576C502C891BC200AAC822;
			remoteInfo = "Assignment 1";
		};
/* End PBXContainerItemProxy section */

/* Begin PBXFileReference section */
		50576C512C891BC200AAC822 /* Assignment 1.app */ = {isa = PBXFileReference; explicitFileType = wrapper.application; includeInIndex = 0; path = "Assignment 1.app"; sourceTree = BUILT_PRODUCTS_DIR; };
		50576C542C891BC200AAC822 /* AppDelegate.swift */ = {isa = PBXFileReference; lastKnownFileType = sourcecode.swift; path = AppDelegate.swift; sourceTree = "<group>"; };
		50576C562C891BC200AAC822 /* SceneDelegate.swift */ = {isa = PBXFileReference; lastKnownFileType = sourcecode.swift; path = SceneDelegate.swift; sourceTree = "<group>"; };
		50576C582C891BC200AAC822 /* ViewController.swift */ = {isa = PBXFileReference; lastKnownFileType = sourcecode.swift; path = ViewController.swift; sourceTree = "<group>"; };
		50576C5B2C891BC200AAC822 /* Base */ = {isa = PBXFileReference; lastKnownFileType = file.storyboard; name = Base; path = Base.lproj/Main.storyboard; sourceTree = "<group>"; };
		50576C5D2C891BC400AAC822 /* Assets.xcassets */ = {isa = PBXFileReference; lastKnownFileType = folder.assetcatalog; path = Assets.xcassets; sourceTree = "<group>"; };
		50576C602C891BC400AAC822 /* Base */ = {isa = PBXFileReference; lastKnownFileType = file.storyboard; name = Base; path = Base.lproj/LaunchScreen.storyboard; sourceTree = "<group>"; };
		50576C622C891BC400AAC822 /* Info.plist */ = {isa = PBXFileReference; lastKnownFileType = text.plist.xml; path = Info.plist; sourceTree = "<group>"; };
		50576C672C891BC500AAC822 /* Assignment 1Tests.xctest */ = {isa = PBXFileReference; explicitFileType = wrapper.cfbundle; includeInIndex = 0; path = "Assignment 1Tests.xctest"; sourceTree = BUILT_PRODUCTS_DIR; };
		50576C6B2C891BC500AAC822 /* Assignment_1Tests.swift */ = {isa = PBXFileReference; lastKnownFileType = sourcecode.swift; path = Assignment_1Tests.swift; sourceTree = "<group>"; };
		50576C712C891BC500AAC822 /* Assignment 1UITests.xctest */ = {isa = PBXFileReference; explicitFileType = wrapper.cfbundle; includeInIndex = 0; path = "Assignment 1UITests.xctest"; sourceTree = BUILT_PRODUCTS_DIR; };
		50576C752C891BC500AAC822 /* Assignment_1UITests.swift */ = {isa = PBXFileReference; lastKnownFileType = sourcecode.swift; path = Assignment_1UITests.swift; sourceTree = "<group>"; };
		50576C772C891BC500AAC822 /* Assignment_1UITestsLaunchTests.swift */ = {isa = PBXFileReference; lastKnownFileType = sourcecode.swift; path = Assignment_1UITestsLaunchTests.swift; sourceTree = "<group>"; };
		50AC209A2C8A042B008AE82A /* Assignment 1-Bridging-Header.h */ = {isa = PBXFileReference; lastKnownFileType = sourcecode.c.h; path = "Assignment 1-Bridging-Header.h"; sourceTree = "<group>"; };
		50AC209B2C8A042C008AE82A /* ImageModel.h */ = {isa = PBXFileReference; lastKnownFileType = sourcecode.c.h; path = ImageModel.h; sourceTree = "<group>"; };
		50AC209C2C8A042C008AE82A /* ImageModel.m */ = {isa = PBXFileReference; lastKnownFileType = sourcecode.c.objc; path = ImageModel.m; sourceTree = "<group>"; };
		50AC209E2C9250D0008AE82A /* TableViewController.swift */ = {isa = PBXFileReference; lastKnownFileType = sourcecode.swift; path = TableViewController.swift; sourceTree = "<group>"; };
		50AC20A02C9273F6008AE82A /* CollectionViewController.swift */ = {isa = PBXFileReference; lastKnownFileType = sourcecode.swift; path = CollectionViewController.swift; sourceTree = "<group>"; };
		50AC20A22C929ED1008AE82A /* CollectionViewCell.swift */ = {isa = PBXFileReference; lastKnownFileType = sourcecode.swift; path = CollectionViewCell.swift; sourceTree = "<group>"; };
/* End PBXFileReference section */

/* Begin PBXFrameworksBuildPhase section */
		50576C4E2C891BC200AAC822 /* Frameworks */ = {
			isa = PBXFrameworksBuildPhase;
			buildActionMask = 2147483647;
			files = (
			);
			runOnlyForDeploymentPostprocessing = 0;
		};
		50576C642C891BC500AAC822 /* Frameworks */ = {
			isa = PBXFrameworksBuildPhase;
			buildActionMask = 2147483647;
			files = (
			);
			runOnlyForDeploymentPostprocessing = 0;
		};
		50576C6E2C891BC500AAC822 /* Frameworks */ = {
			isa = PBXFrameworksBuildPhase;
			buildActionMask = 2147483647;
			files = (
			);
			runOnlyForDeploymentPostprocessing = 0;
		};
/* End PBXFrameworksBuildPhase section */

/* Begin PBXGroup section */
		50576C482C891BC200AAC822 = {
			isa = PBXGroup;
			children = (
				50576C532C891BC200AAC822 /* Assignment 1 */,
				50576C6A2C891BC500AAC822 /* Assignment 1Tests */,
				50576C742C891BC500AAC822 /* Assignment 1UITests */,
				50576C522C891BC200AAC822 /* Products */,
			);
			sourceTree = "<group>";
		};
		50576C522C891BC200AAC822 /* Products */ = {
			isa = PBXGroup;
			children = (
				50576C512C891BC200AAC822 /* Assignment 1.app */,
				50576C672C891BC500AAC822 /* Assignment 1Tests.xctest */,
				50576C712C891BC500AAC822 /* Assignment 1UITests.xctest */,
			);
			name = Products;
			sourceTree = "<group>";
		};
		50576C532C891BC200AAC822 /* Assignment 1 */ = {
			isa = PBXGroup;
			children = (
				50576C542C891BC200AAC822 /* AppDelegate.swift */,
				50576C562C891BC200AAC822 /* SceneDelegate.swift */,
				50576C582C891BC200AAC822 /* ViewController.swift */,
				50AC209B2C8A042C008AE82A /* ImageModel.h */,
				50AC209C2C8A042C008AE82A /* ImageModel.m */,
				50576C5A2C891BC200AAC822 /* Main.storyboard */,
				50AC20A22C929ED1008AE82A /* CollectionViewCell.swift */,
				50AC20A02C9273F6008AE82A /* CollectionViewController.swift */,
				50AC209E2C9250D0008AE82A /* TableViewController.swift */,
				50576C5D2C891BC400AAC822 /* Assets.xcassets */,
				50576C5F2C891BC400AAC822 /* LaunchScreen.storyboard */,
				50576C622C891BC400AAC822 /* Info.plist */,
				50AC209A2C8A042B008AE82A /* Assignment 1-Bridging-Header.h */,
			);
			path = "Assignment 1";
			sourceTree = "<group>";
		};
		50576C6A2C891BC500AAC822 /* Assignment 1Tests */ = {
			isa = PBXGroup;
			children = (
				50576C6B2C891BC500AAC822 /* Assignment_1Tests.swift */,
			);
			path = "Assignment 1Tests";
			sourceTree = "<group>";
		};
		50576C742C891BC500AAC822 /* Assignment 1UITests */ = {
			isa = PBXGroup;
			children = (
				50576C752C891BC500AAC822 /* Assignment_1UITests.swift */,
				50576C772C891BC500AAC822 /* Assignment_1UITestsLaunchTests.swift */,
			);
			path = "Assignment 1UITests";
			sourceTree = "<group>";
		};
/* End PBXGroup section */

/* Begin PBXNativeTarget section */
		50576C502C891BC200AAC822 /* Assignment 1 */ = {
			isa = PBXNativeTarget;
			buildConfigurationList = 50576C7B2C891BC500AAC822 /* Build configuration list for PBXNativeTarget "Assignment 1" */;
			buildPhases = (
				50576C4D2C891BC200AAC822 /* Sources */,
				50576C4E2C891BC200AAC822 /* Frameworks */,
				50576C4F2C891BC200AAC822 /* Resources */,
			);
			buildRules = (
			);
			dependencies = (
			);
			name = "Assignment 1";
			productName = "Assignment 1";
			productReference = 50576C512C891BC200AAC822 /* Assignment 1.app */;
			productType = "com.apple.product-type.application";
		};
		50576C662C891BC500AAC822 /* Assignment 1Tests */ = {
			isa = PBXNativeTarget;
			buildConfigurationList = 50576C7E2C891BC500AAC822 /* Build configuration list for PBXNativeTarget "Assignment 1Tests" */;
			buildPhases = (
				50576C632C891BC500AAC822 /* Sources */,
				50576C642C891BC500AAC822 /* Frameworks */,
				50576C652C891BC500AAC822 /* Resources */,
			);
			buildRules = (
			);
			dependencies = (
				50576C692C891BC500AAC822 /* PBXTargetDependency */,
			);
			name = "Assignment 1Tests";
			productName = "Assignment 1Tests";
			productReference = 50576C672C891BC500AAC822 /* Assignment 1Tests.xctest */;
			productType = "com.apple.product-type.bundle.unit-test";
		};
		50576C702C891BC500AAC822 /* Assignment 1UITests */ = {
			isa = PBXNativeTarget;
			buildConfigurationList = 50576C812C891BC500AAC822 /* Build configuration list for PBXNativeTarget "Assignment 1UITests" */;
			buildPhases = (
				50576C6D2C891BC500AAC822 /* Sources */,
				50576C6E2C891BC500AAC822 /* Frameworks */,
				50576C6F2C891BC500AAC822 /* Resources */,
			);
			buildRules = (
			);
			dependencies = (
				50576C732C891BC500AAC822 /* PBXTargetDependency */,
			);
			name = "Assignment 1UITests";
			productName = "Assignment 1UITests";
			productReference = 50576C712C891BC500AAC822 /* Assignment 1UITests.xctest */;
			productType = "com.apple.product-type.bundle.ui-testing";
		};
/* End PBXNativeTarget section */

/* Begin PBXProject section */
		50576C492C891BC200AAC822 /* Project object */ = {
			isa = PBXProject;
			attributes = {
				BuildIndependentTargetsInParallel = 1;
				LastSwiftUpdateCheck = 1540;
				LastUpgradeCheck = 1540;
				TargetAttributes = {
					50576C502C891BC200AAC822 = {
						CreatedOnToolsVersion = 15.4;
						LastSwiftMigration = 1540;
					};
					50576C662C891BC500AAC822 = {
						CreatedOnToolsVersion = 15.4;
						TestTargetID = 50576C502C891BC200AAC822;
					};
					50576C702C891BC500AAC822 = {
						CreatedOnToolsVersion = 15.4;
						TestTargetID = 50576C502C891BC200AAC822;
					};
				};
			};
			buildConfigurationList = 50576C4C2C891BC200AAC822 /* Build configuration list for PBXProject "Assignment 1" */;
			compatibilityVersion = "Xcode 14.0";
			developmentRegion = en;
			hasScannedForEncodings = 0;
			knownRegions = (
				en,
				Base,
			);
			mainGroup = 50576C482C891BC200AAC822;
			productRefGroup = 50576C522C891BC200AAC822 /* Products */;
			projectDirPath = "";
			projectRoot = "";
			targets = (
				50576C502C891BC200AAC822 /* Assignment 1 */,
				50576C662C891BC500AAC822 /* Assignment 1Tests */,
				50576C702C891BC500AAC822 /* Assignment 1UITests */,
			);
		};
/* End PBXProject section */

/* Begin PBXResourcesBuildPhase section */
		50576C4F2C891BC200AAC822 /* Resources */ = {
			isa = PBXResourcesBuildPhase;
			buildActionMask = 2147483647;
			files = (
				50576C5E2C891BC400AAC822 /* Assets.xcassets in Resources */,
				50576C612C891BC400AAC822 /* Base in Resources */,
				50576C5C2C891BC200AAC822 /* Base in Resources */,
			);
			runOnlyForDeploymentPostprocessing = 0;
		};
		50576C652C891BC500AAC822 /* Resources */ = {
			isa = PBXResourcesBuildPhase;
			buildActionMask = 2147483647;
			files = (
			);
			runOnlyForDeploymentPostprocessing = 0;
		};
		50576C6F2C891BC500AAC822 /* Resources */ = {
			isa = PBXResourcesBuildPhase;
			buildActionMask = 2147483647;
			files = (
			);
			runOnlyForDeploymentPostprocessing = 0;
		};
/* End PBXResourcesBuildPhase section */

/* Begin PBXSourcesBuildPhase section */
		50576C4D2C891BC200AAC822 /* Sources */ = {
			isa = PBXSourcesBuildPhase;
			buildActionMask = 2147483647;
			files = (
				50AC20A12C9273F6008AE82A /* CollectionViewController.swift in Sources */,
				50576C592C891BC200AAC822 /* ViewController.swift in Sources */,
				50576C552C891BC200AAC822 /* AppDelegate.swift in Sources */,
				50AC20A32C929ED1008AE82A /* CollectionViewCell.swift in Sources */,
				50576C572C891BC200AAC822 /* SceneDelegate.swift in Sources */,
				50AC209F2C9250D0008AE82A /* TableViewController.swift in Sources */,
				50AC209D2C8A042C008AE82A /* ImageModel.m in Sources */,
			);
			runOnlyForDeploymentPostprocessing = 0;
		};
		50576C632C891BC500AAC822 /* Sources */ = {
			isa = PBXSourcesBuildPhase;
			buildActionMask = 2147483647;
			files = (
				50576C6C2C891BC500AAC822 /* Assignment_1Tests.swift in Sources */,
			);
			runOnlyForDeploymentPostprocessing = 0;
		};
		50576C6D2C891BC500AAC822 /* Sources */ = {
			isa = PBXSourcesBuildPhase;
			buildActionMask = 2147483647;
			files = (
				50576C762C891BC500AAC822 /* Assignment_1UITests.swift in Sources */,
				50576C782C891BC500AAC822 /* Assignment_1UITestsLaunchTests.swift in Sources */,
			);
			runOnlyForDeploymentPostprocessing = 0;
		};
/* End PBXSourcesBuildPhase section */

/* Begin PBXTargetDependency section */
		50576C692C891BC500AAC822 /* PBXTargetDependency */ = {
			isa = PBXTargetDependency;
			target = 50576C502C891BC200AAC822 /* Assignment 1 */;
			targetProxy = 50576C682C891BC500AAC822 /* PBXContainerItemProxy */;
		};
		50576C732C891BC500AAC822 /* PBXTargetDependency */ = {
			isa = PBXTargetDependency;
			target = 50576C502C891BC200AAC822 /* Assignment 1 */;
			targetProxy = 50576C722C891BC500AAC822 /* PBXContainerItemProxy */;
		};
/* End PBXTargetDependency section */

/* Begin PBXVariantGroup section */
		50576C5A2C891BC200AAC822 /* Main.storyboard */ = {
			isa = PBXVariantGroup;
			children = (
				50576C5B2C891BC200AAC822 /* Base */,
			);
			name = Main.storyboard;
			sourceTree = "<group>";
		};
		50576C5F2C891BC400AAC822 /* LaunchScreen.storyboard */ = {
			isa = PBXVariantGroup;
			children = (
				50576C602C891BC400AAC822 /* Base */,
			);
			name = LaunchScreen.storyboard;
			sourceTree = "<group>";
		};
/* End PBXVariantGroup section */

/* Begin XCBuildConfiguration section */
		50576C792C891BC500AAC822 /* Debug */ = {
			isa = XCBuildConfiguration;
			buildSettings = {
				ALWAYS_SEARCH_USER_PATHS = NO;
				ASSETCATALOG_COMPILER_GENERATE_SWIFT_ASSET_SYMBOL_EXTENSIONS = YES;
				CLANG_ANALYZER_NONNULL = YES;
				CLANG_ANALYZER_NUMBER_OBJECT_CONVERSION = YES_AGGRESSIVE;
				CLANG_CXX_LANGUAGE_STANDARD = "gnu++20";
				CLANG_ENABLE_MODULES = YES;
				CLANG_ENABLE_OBJC_ARC = YES;
				CLANG_ENABLE_OBJC_WEAK = YES;
				CLANG_WARN_BLOCK_CAPTURE_AUTORELEASING = YES;
				CLANG_WARN_BOOL_CONVERSION = YES;
				CLANG_WARN_COMMA = YES;
				CLANG_WARN_CONSTANT_CONVERSION = YES;
				CLANG_WARN_DEPRECATED_OBJC_IMPLEMENTATIONS = YES;
				CLANG_WARN_DIRECT_OBJC_ISA_USAGE = YES_ERROR;
				CLANG_WARN_DOCUMENTATION_COMMENTS = YES;
				CLANG_WARN_EMPTY_BODY = YES;
				CLANG_WARN_ENUM_CONVERSION = YES;
				CLANG_WARN_INFINITE_RECURSION = YES;
				CLANG_WARN_INT_CONVERSION = YES;
				CLANG_WARN_NON_LITERAL_NULL_CONVERSION = YES;
				CLANG_WARN_OBJC_IMPLICIT_RETAIN_SELF = YES;
				CLANG_WARN_OBJC_LITERAL_CONVERSION = YES;
				CLANG_WARN_OBJC_ROOT_CLASS = YES_ERROR;
				CLANG_WARN_QUOTED_INCLUDE_IN_FRAMEWORK_HEADER = YES;
				CLANG_WARN_RANGE_LOOP_ANALYSIS = YES;
				CLANG_WARN_STRICT_PROTOTYPES = YES;
				CLANG_WARN_SUSPICIOUS_MOVE = YES;
				CLANG_WARN_UNGUARDED_AVAILABILITY = YES_AGGRESSIVE;
				CLANG_WARN_UNREACHABLE_CODE = YES;
				CLANG_WARN__DUPLICATE_METHOD_MATCH = YES;
				COPY_PHASE_STRIP = NO;
				DEBUG_INFORMATION_FORMAT = dwarf;
				ENABLE_STRICT_OBJC_MSGSEND = YES;
				ENABLE_TESTABILITY = YES;
				ENABLE_USER_SCRIPT_SANDBOXING = YES;
				GCC_C_LANGUAGE_STANDARD = gnu17;
				GCC_DYNAMIC_NO_PIC = NO;
				GCC_NO_COMMON_BLOCKS = YES;
				GCC_OPTIMIZATION_LEVEL = 0;
				GCC_PREPROCESSOR_DEFINITIONS = (
					"DEBUG=1",
					"$(inherited)",
				);
				GCC_WARN_64_TO_32_BIT_CONVERSION = YES;
				GCC_WARN_ABOUT_RETURN_TYPE = YES_ERROR;
				GCC_WARN_UNDECLARED_SELECTOR = YES;
				GCC_WARN_UNINITIALIZED_AUTOS = YES_AGGRESSIVE;
				GCC_WARN_UNUSED_FUNCTION = YES;
				GCC_WARN_UNUSED_VARIABLE = YES;
				IPHONEOS_DEPLOYMENT_TARGET = 17.5;
				LOCALIZATION_PREFERS_STRING_CATALOGS = YES;
				MTL_ENABLE_DEBUG_INFO = INCLUDE_SOURCE;
				MTL_FAST_MATH = YES;
				ONLY_ACTIVE_ARCH = YES;
				SDKROOT = iphoneos;
				SWIFT_ACTIVE_COMPILATION_CONDITIONS = "DEBUG $(inherited)";
				SWIFT_OPTIMIZATION_LEVEL = "-Onone";
			};
			name = Debug;
		};
		50576C7A2C891BC500AAC822 /* Release */ = {
			isa = XCBuildConfiguration;
			buildSettings = {
				ALWAYS_SEARCH_USER_PATHS = NO;
				ASSETCATALOG_COMPILER_GENERATE_SWIFT_ASSET_SYMBOL_EXTENSIONS = YES;
				CLANG_ANALYZER_NONNULL = YES;
				CLANG_ANALYZER_NUMBER_OBJECT_CONVERSION = YES_AGGRESSIVE;
				CLANG_CXX_LANGUAGE_STANDARD = "gnu++20";
				CLANG_ENABLE_MODULES = YES;
				CLANG_ENABLE_OBJC_ARC = YES;
				CLANG_ENABLE_OBJC_WEAK = YES;
				CLANG_WARN_BLOCK_CAPTURE_AUTORELEASING = YES;
				CLANG_WARN_BOOL_CONVERSION = YES;
				CLANG_WARN_COMMA = YES;
				CLANG_WARN_CONSTANT_CONVERSION = YES;
				CLANG_WARN_DEPRECATED_OBJC_IMPLEMENTATIONS = YES;
				CLANG_WARN_DIRECT_OBJC_ISA_USAGE = YES_ERROR;
				CLANG_WARN_DOCUMENTATION_COMMENTS = YES;
				CLANG_WARN_EMPTY_BODY = YES;
				CLANG_WARN_ENUM_CONVERSION = YES;
				CLANG_WARN_INFINITE_RECURSION = YES;
				CLANG_WARN_INT_CONVERSION = YES;
				CLANG_WARN_NON_LITERAL_NULL_CONVERSION = YES;
				CLANG_WARN_OBJC_IMPLICIT_RETAIN_SELF = YES;
				CLANG_WARN_OBJC_LITERAL_CONVERSION = YES;
				CLANG_WARN_OBJC_ROOT_CLASS = YES_ERROR;
				CLANG_WARN_QUOTED_INCLUDE_IN_FRAMEWORK_HEADER = YES;
				CLANG_WARN_RANGE_LOOP_ANALYSIS = YES;
				CLANG_WARN_STRICT_PROTOTYPES = YES;
				CLANG_WARN_SUSPICIOUS_MOVE = YES;
				CLANG_WARN_UNGUARDED_AVAILABILITY = YES_AGGRESSIVE;
				CLANG_WARN_UNREACHABLE_CODE = YES;
				CLANG_WARN__DUPLICATE_METHOD_MATCH = YES;
				COPY_PHASE_STRIP = NO;
				DEBUG_INFORMATION_FORMAT = "dwarf-with-dsym";
				ENABLE_NS_ASSERTIONS = NO;
				ENABLE_STRICT_OBJC_MSGSEND = YES;
				ENABLE_USER_SCRIPT_SANDBOXING = YES;
				GCC_C_LANGUAGE_STANDARD = gnu17;
				GCC_NO_COMMON_BLOCKS = YES;
				GCC_WARN_64_TO_32_BIT_CONVERSION = YES;
				GCC_WARN_ABOUT_RETURN_TYPE = YES_ERROR;
				GCC_WARN_UNDECLARED_SELECTOR = YES;
				GCC_WARN_UNINITIALIZED_AUTOS = YES_AGGRESSIVE;
				GCC_WARN_UNUSED_FUNCTION = YES;
				GCC_WARN_UNUSED_VARIABLE = YES;
				IPHONEOS_DEPLOYMENT_TARGET = 17.5;
				LOCALIZATION_PREFERS_STRING_CATALOGS = YES;
				MTL_ENABLE_DEBUG_INFO = NO;
				MTL_FAST_MATH = YES;
				SDKROOT = iphoneos;
				SWIFT_COMPILATION_MODE = wholemodule;
				VALIDATE_PRODUCT = YES;
			};
			name = Release;
		};
		50576C7C2C891BC500AAC822 /* Debug */ = {
			isa = XCBuildConfiguration;
			buildSettings = {
				ASSETCATALOG_COMPILER_APPICON_NAME = AppIcon;
				ASSETCATALOG_COMPILER_GLOBAL_ACCENT_COLOR_NAME = AccentColor;
				CLANG_ENABLE_MODULES = YES;
				CODE_SIGN_STYLE = Automatic;
				CURRENT_PROJECT_VERSION = 1;
				GENERATE_INFOPLIST_FILE = YES;
				INFOPLIST_FILE = "Assignment 1/Info.plist";
				INFOPLIST_KEY_CFBundleDisplayName = "Assignment 1";
				INFOPLIST_KEY_UIApplicationSupportsIndirectInputEvents = YES;
				INFOPLIST_KEY_UILaunchStoryboardName = LaunchScreen;
				INFOPLIST_KEY_UIMainStoryboardFile = Main;
				INFOPLIST_KEY_UISupportedInterfaceOrientations_iPad = "UIInterfaceOrientationPortrait UIInterfaceOrientationPortraitUpsideDown UIInterfaceOrientationLandscapeLeft UIInterfaceOrientationLandscapeRight";
				INFOPLIST_KEY_UISupportedInterfaceOrientations_iPhone = "UIInterfaceOrientationPortrait UIInterfaceOrientationLandscapeLeft UIInterfaceOrientationLandscapeRight";
				LD_RUNPATH_SEARCH_PATHS = (
					"$(inherited)",
					"@executable_path/Frameworks",
				);
				MARKETING_VERSION = 1.0;
				PRODUCT_BUNDLE_IDENTIFIER = "shika.Assignment-1";
				PRODUCT_NAME = "$(TARGET_NAME)";
				SWIFT_EMIT_LOC_STRINGS = YES;
				SWIFT_OBJC_BRIDGING_HEADER = "Assignment 1/Assignment 1-Bridging-Header.h";
				SWIFT_OPTIMIZATION_LEVEL = "-Onone";
				SWIFT_VERSION = 5.0;
				TARGETED_DEVICE_FAMILY = "1,2";
			};
			name = Debug;
		};
		50576C7D2C891BC500AAC822 /* Release */ = {
			isa = XCBuildConfiguration;
			buildSettings = {
				ASSETCATALOG_COMPILER_APPICON_NAME = AppIcon;
				ASSETCATALOG_COMPILER_GLOBAL_ACCENT_COLOR_NAME = AccentColor;
				CLANG_ENABLE_MODULES = YES;
				CODE_SIGN_STYLE = Automatic;
				CURRENT_PROJECT_VERSION = 1;
				GENERATE_INFOPLIST_FILE = YES;
				INFOPLIST_FILE = "Assignment 1/Info.plist";
				INFOPLIST_KEY_CFBundleDisplayName = "Assignment 1";
				INFOPLIST_KEY_UIApplicationSupportsIndirectInputEvents = YES;
				INFOPLIST_KEY_UILaunchStoryboardName = LaunchScreen;
				INFOPLIST_KEY_UIMainStoryboardFile = Main;
				INFOPLIST_KEY_UISupportedInterfaceOrientations_iPad = "UIInterfaceOrientationPortrait UIInterfaceOrientationPortraitUpsideDown UIInterfaceOrientationLandscapeLeft UIInterfaceOrientationLandscapeRight";
				INFOPLIST_KEY_UISupportedInterfaceOrientations_iPhone = "UIInterfaceOrientationPortrait UIInterfaceOrientationLandscapeLeft UIInterfaceOrientationLandscapeRight";
				LD_RUNPATH_SEARCH_PATHS = (
					"$(inherited)",
					"@executable_path/Frameworks",
				);
				MARKETING_VERSION = 1.0;
				PRODUCT_BUNDLE_IDENTIFIER = "shika.Assignment-1";
				PRODUCT_NAME = "$(TARGET_NAME)";
				SWIFT_EMIT_LOC_STRINGS = YES;
				SWIFT_OBJC_BRIDGING_HEADER = "Assignment 1/Assignment 1-Bridging-Header.h";
				SWIFT_VERSION = 5.0;
				TARGETED_DEVICE_FAMILY = "1,2";
			};
			name = Release;
		};
		50576C7F2C891BC500AAC822 /* Debug */ = {
			isa = XCBuildConfiguration;
			buildSettings = {
				ALWAYS_EMBED_SWIFT_STANDARD_LIBRARIES = YES;
				BUNDLE_LOADER = "$(TEST_HOST)";
				CODE_SIGN_STYLE = Automatic;
				CURRENT_PROJECT_VERSION = 1;
				GENERATE_INFOPLIST_FILE = YES;
				IPHONEOS_DEPLOYMENT_TARGET = 17.5;
				MARKETING_VERSION = 1.0;
				PRODUCT_BUNDLE_IDENTIFIER = "shika.Assignment-1Tests";
				PRODUCT_NAME = "$(TARGET_NAME)";
				SWIFT_EMIT_LOC_STRINGS = NO;
				SWIFT_VERSION = 5.0;
				TARGETED_DEVICE_FAMILY = "1,2";
				TEST_HOST = "$(BUILT_PRODUCTS_DIR)/Assignment 1.app/$(BUNDLE_EXECUTABLE_FOLDER_PATH)/Assignment 1";
			};
			name = Debug;
		};
		50576C802C891BC500AAC822 /* Release */ = {
			isa = XCBuildConfiguration;
			buildSettings = {
				ALWAYS_EMBED_SWIFT_STANDARD_LIBRARIES = YES;
				BUNDLE_LOADER = "$(TEST_HOST)";
				CODE_SIGN_STYLE = Automatic;
				CURRENT_PROJECT_VERSION = 1;
				GENERATE_INFOPLIST_FILE = YES;
				IPHONEOS_DEPLOYMENT_TARGET = 17.5;
				MARKETING_VERSION = 1.0;
				PRODUCT_BUNDLE_IDENTIFIER = "shika.Assignment-1Tests";
				PRODUCT_NAME = "$(TARGET_NAME)";
				SWIFT_EMIT_LOC_STRINGS = NO;
				SWIFT_VERSION = 5.0;
				TARGETED_DEVICE_FAMILY = "1,2";
				TEST_HOST = "$(BUILT_PRODUCTS_DIR)/Assignment 1.app/$(BUNDLE_EXECUTABLE_FOLDER_PATH)/Assignment 1";
			};
			name = Release;
		};
		50576C822C891BC500AAC822 /* Debug */ = {
			isa = XCBuildConfiguration;
			buildSettings = {
				ALWAYS_EMBED_SWIFT_STANDARD_LIBRARIES = YES;
				CODE_SIGN_STYLE = Automatic;
				CURRENT_PROJECT_VERSION = 1;
				GENERATE_INFOPLIST_FILE = YES;
				MARKETING_VERSION = 1.0;
				PRODUCT_BUNDLE_IDENTIFIER = "shika.Assignment-1UITests";
				PRODUCT_NAME = "$(TARGET_NAME)";
				SWIFT_EMIT_LOC_STRINGS = NO;
				SWIFT_VERSION = 5.0;
				TARGETED_DEVICE_FAMILY = "1,2";
				TEST_TARGET_NAME = "Assignment 1";
			};
			name = Debug;
		};
		50576C832C891BC500AAC822 /* Release */ = {
			isa = XCBuildConfiguration;
			buildSettings = {
				ALWAYS_EMBED_SWIFT_STANDARD_LIBRARIES = YES;
				CODE_SIGN_STYLE = Automatic;
				CURRENT_PROJECT_VERSION = 1;
				GENERATE_INFOPLIST_FILE = YES;
				MARKETING_VERSION = 1.0;
				PRODUCT_BUNDLE_IDENTIFIER = "shika.Assignment-1UITests";
				PRODUCT_NAME = "$(TARGET_NAME)";
				SWIFT_EMIT_LOC_STRINGS = NO;
				SWIFT_VERSION = 5.0;
				TARGETED_DEVICE_FAMILY = "1,2";
				TEST_TARGET_NAME = "Assignment 1";
			};
			name = Release;
		};
/* End XCBuildConfiguration section */

/* Begin XCConfigurationList section */
		50576C4C2C891BC200AAC822 /* Build configuration list for PBXProject "Assignment 1" */ = {
			isa = XCConfigurationList;
			buildConfigurations = (
				50576C792C891BC500AAC822 /* Debug */,
				50576C7A2C891BC500AAC822 /* Release */,
			);
			defaultConfigurationIsVisible = 0;
			defaultConfigurationName = Release;
		};
		50576C7B2C891BC500AAC822 /* Build configuration list for PBXNativeTarget "Assignment 1" */ = {
			isa = XCConfigurationList;
			buildConfigurations = (
				50576C7C2C891BC500AAC822 /* Debug */,
				50576C7D2C891BC500AAC822 /* Release */,
			);
			defaultConfigurationIsVisible = 0;
			defaultConfigurationName = Release;
		};
		50576C7E2C891BC500AAC822 /* Build configuration list for PBXNativeTarget "Assignment 1Tests" */ = {
			isa = XCConfigurationList;
			buildConfigurations = (
				50576C7F2C891BC500AAC822 /* Debug */,
				50576C802C891BC500AAC822 /* Release */,
			);
			defaultConfigurationIsVisible = 0;
			defaultConfigurationName = Release;
		};
		50576C812C891BC500AAC822 /* Build configuration list for PBXNativeTarget "Assignment 1UITests" */ = {
			isa = XCConfigurationList;
			buildConfigurations = (
				50576C822C891BC500AAC822 /* Debug */,
				50576C832C891BC500AAC822 /* Release */,
			);
			defaultConfigurationIsVisible = 0;
			defaultConfigurationName = Release;
		};
/* End XCConfigurationList section */
	};
	rootObject = 50576C492C891BC200AAC822 /* Project object */;
}
